github.com/aws/aws-lambda-go v1.54.0 h1:EGYpdyRGF88xszqlGcBewz811mJeRS+maNlLZXFheII=
github.com/aws/aws-lambda-go v1.54.0/go.mod h1:dpMpZgvWx5vuQJfBt0zqBha60q7Dd7RfgJv23DymV8A=
github.com/aws/aws-sdk-go-v2 v1.43.3 h1:XJIcfv8uDs2ukdQsoAC8/Ebu1ejxwzlayl2ZsiFns2A=
github.com/aws/aws-sdk-go-v2 v1.43.3/go.mod h1:70vwSy16txshwG+g55WkpgPKDIByzHI8ccBsOteo3bQ=
github.com/aws/aws-sdk-go-v2/config v1.32.34 h1:o+YAizrX562nEZXaB38uYTK8RvIsvW0uuRP+e5e0Pfk=
github.com/aws/aws-sdk-go-v2/config v1.32.34/go.mod h1:wc0zYRChOniiufvdWiRVf3jgXSgbkvaD683IHHHc2ZQ=
github.com/aws/aws-sdk-go-v2/credentials v1.19.33 h1:/e5V3EWfeDiW6cuRxHsC8gbwko4/vvVYPJR2afBKFFY=
github.com/aws/aws-sdk-go-v2/credentials v1.19.33/go.mod h1:ZxAmkcyOM9beY/WO9oxp2oVPXiP3rq5N1/p4NbenJdE=
github.com/aws/aws-sdk-go-v2/feature/ec2/imds v1.18.34 h1:1EsGke6rTD2CG3j2MMVB77n6Q+FlbQWYI/dFdLWBNtM=
github.com/aws/aws-sdk-go-v2/feature/ec2/imds v1.18.34/go.mod h1:5B1Z/QbaWzqoWRzYxZfmCbDDRcvUHcfAIQw/S+KfDmc=
github.com/aws/aws-sdk-go-v2/internal/configsources v1.4.34 h1:vuIfjzoeqhQMGJyOBU3t0ZEjn2jrN8Bbg1N4CgjzM5Q=
github.com/aws/aws-sdk-go-v2/internal/configsources v1.4.34/go.mod h1:hP28cN4CPJLZHirdQPrZR50JcLN4ApRJP2tzG8cRlhY=
github.com/aws/aws-sdk-go-v2/internal/endpoints/v2 v2.7.34 h1:9faHsnqxJ1vDvB4wMZy/ajIDyz5QhllQjjc72RJpXAw=
github.com/aws/aws-sdk-go-v2/internal/endpoints/v2 v2.7.34/go.mod h1:Yp6nIyejpa23nzlB/LhT63KTla9Jdi06nv/HH/OkAH8=
github.com/aws/aws-sdk-go-v2/internal/v4a v1.4.35 h1:Oe8gMKJLO5awqpa5EhAGKVnBv1s+brdWVuxM2mDa7zA=
github.com/aws/aws-sdk-go-v2/internal/v4a v1.4.35/go.mod h1:FZevcG9cOST/FWAAUhHIchjR9fXFXFRCWodOhx+PDLA=
github.com/aws/aws-sdk-go-v2/service/cloudwatch v1.66.2 h1:gB90d8G1wI5cWTky4P/FfMZov2iXTryUBeU/sSipFTU=
github.com/aws/aws-sdk-go-v2/service/cloudwatch v1.66.2/go.mod h1:Wka5y0GBbGFTRQqpJy1lJiexNgvHaA7QUVOhNySlLSw=
github.com/aws/aws-sdk-go-v2/service/internal/accept-encoding v1.13.15 h1:JJLBQxwY+AFwuPAi5ivGc1ChnTdUt4cXMv7e76m2c/Y=
github.com/aws/aws-sdk-go-v2/service/internal/accept-encoding v1.13.15/go.mod h1:lQknBIe78MVL0cQOQDlag8KGflMbMEVFx9mB6O8ENvk=
github.com/aws/aws-sdk-go-v2/service/internal/presigned-url v1.13.34 h1:sYg4qHWLqsjp15PzX7XCOHSOgKEGoZ5vQY43VvZ1pas=
github.com/aws/aws-sdk-go-v2/service/internal/presigned-url v1.13.34/go.mod h1:N58SSz3roKf1HzW5qRaOiyk6MbDLTKgLPvlTfJ90iyI=
github.com/aws/aws-sdk-go-v2/service/kms v1.55.3 h1:qS073F+cSl7QKstrm3Jb8D/XkKBWZ4zHdmRG/cmHLoU=
github.com/aws/aws-sdk-go-v2/service/kms v1.55.3/go.mod h1:l1gMRJ4UawrC6rpVWRz39pZxlyHID0VIS/YEEiLi4E8=
github.com/aws/aws-sdk-go-v2/service/signin v1.5.3 h1:togAtAmgV5IGMnQDuBDJeM8z5Y5RN6G7xeOgphWz+Yc=
github.com/aws/aws-sdk-go-v2/service/signin v1.5.3/go.mod h1:T7xKUUUvN7W3RW8UmMvKnD12xqh+Ux2gCPHPhnt64Dg=
github.com/aws/aws-sdk-go-v2/service/ssm v1.73.3 h1:JTiz9aeh+rkQ3ELrotd8CvXWVTapy9IPFm6svME3Ges=
github.com/aws/aws-sdk-go-v2/service/ssm v1.73.3/go.mod h1:YwhlK9qSePagsddmyD1TYLEfIgmz5A6bQfRnTLBIPl0=
github.com/aws/aws-sdk-go-v2/service/sso v1.33.3 h1:YjH64OUytnWZBHUtM9GMyi4ZWBiSQdEJkZuPykOIe44=
github.com/aws/aws-sdk-go-v2/service/sso v1.33.3/go.mod h1:5qoHcDZDTSJotoKk1bvVRPv1MXaL/NhfY9ng8D1g/ig=
github.com/aws/aws-sdk-go-v2/service/ssooidc v1.38.3 h1:A4o1di/XGaqtw6r3toSBrFX2U7mVSLqg7jo9wL4I+cU=
github.com/aws/aws-sdk-go-v2/service/ssooidc v1.38.3/go.mod h1:sKuKz2kHtrGVtFu34vbM3LWSA9CKD9YZUmm6e5PPqRA=
github.com/aws/aws-sdk-go-v2/service/sts v1.45.3 h1:Fi7+DiKN1+QphlajvE6FqeZ8GRbnnRul7zTdUiRpbGc=
github.com/aws/aws-sdk-go-v2/service/sts v1.45.3/go.mod h1:KCc3e27fHZUGtzpek7wZcp6dyCpGkJJo/+3PBujh/yU=
github.com/aws/smithy-go v1.27.6 h1:0zjT8jgK3jbrTT7JJ3EE6JsMhX8JTrZ+f1sEndYDXrA=
github.com/aws/smithy-go v1.27.6/go.mod h1:YE2RhdIuDbA5E5bTdciG9KrW3+TiEONeUWCqxX9i1Fc=
github.com/davecgh/go-spew v1.1.1 h1:vj9j/u1bqnvCEfJOwUhtlOARqs3+rkHYY13jYWTU97c=
github.com/davecgh/go-spew v1.1.1/go.mod h1:J7Y8YcW2NihsgmVo/mv3lAwl/skON4iLHjSsI+c5H38=
github.com/google/go-cmp v0.7.0 h1:wk8382ETsv4JYUZwIsn6YpYiWiBsYLSJiTsyBybVuN8=
github.com/google/go-cmp v0.7.0/go.mod h1:pXiqmnSA92OHEEa9HXL2W4E7lf9JzCmGVUdgjX3N/iU=
github.com/pmezard/go-difflib v1.0.0 h1:4DBwDE0NGyQoBHbLQYPwSUPoCMWR5BEzIk/f1lZbAQM=
github.com/pmezard/go-difflib v1.0.0/go.mod h1:iKH77koFhYxTK1pcRnkKkqfTogsbg7gZNVY4sRDYZ/4=
github.com/shogo82148/go-phper-json v0.0.4 h1:l2P8xyVDCcDbHO9f7b6ca2/yHyQqNY1sEN43CJowQa4=
github.com/shogo82148/go-phper-json v0.0.4/go.mod h1:Ha2Lc9s5q0um9gdUoa9tp4+CY0w9S5DTcC9cAf/8Thw=
github.com/shogo82148/go-retry/v2 v2.0.2 h1:3dPwN8d8QjBNRocGlHvqSFkcmAG82X/hU7wAeZc0K84=
github.com/shogo82148/go-retry/v2 v2.0.2/go.mod h1:Rv6PnVPeGd1695eqstyZ+VFOQN8vsh5t87/Ur+aa9JI=
github.com/sirupsen/logrus v1.9.4 h1:TsZE7l11zFCLZnZ+teH4Umoq5BhEIfIzfRDZ1Uzql2w=
github.com/sirupsen/logrus v1.9.4/go.mod h1:ftWc9WdOfJ0a92nsE2jF5u5ZwH8Bv2zdeOC42RjbV2g=
github.com/stretchr/testify v1.10.0 h1:Xv5erBjTwe/5IxqUQTdXv5kgmIvbHo3QQyRwhJsOfJA=
github.com/stretchr/testify v1.10.0/go.mod h1:r2ic/lqez/lEtzL7wO/rwa5dbSLXVDPFyf8C91i36aY=
golang.org/x/sys v0.13.0 h1:Af8nKPmuFypiUBjVoU9V20FiaFXOcuZI21p0ycVYYGE=
golang.org/x/sys v0.13.0/go.mod h1:oPkhp1MJrh7nUepCBck5+mAzfO9JrbApNNgaTdGDITg=
gopkg.in/yaml.v3 v3.0.1 h1:fxVm/GzAzEWqLHuvctI91KS9hhNmmWOoWu0XTYJS7CA=
gopkg.in/yaml.v3 v3.0.1/go.mod h1:K4uyk7z7BCEPqu6E+C64Yfv1cQ7kz7rIZviUmN+EgEM=
